
Microsoft Visual Studio Solution File, Format Version 12.00
# Visual Studio 15
VisualStudioVersion = 15.0.28307.572
MinimumVisualStudioVersion = 10.0.40219.1
Project("{FAE04EC0-301F-11D3-BF4B-00C04F79EFBC}") = "ChatRoomServer", "ChatRoomServer\ChatRoomServer.csproj", "{5BF1AA46-E22A-48FD-82F0-8C497121B7CC}"
EndProject
Global
	GlobalSection(SolutionConfigurationPlatforms) = preSolution
		Debug|Any CPU = Debug|Any CPU
		Release|Any CPU = Release|Any CPU
	EndGlobalSection
	GlobalSection(ProjectConfigurationPlatforms) = postSolution
		{5BF1AA46-E22A-48FD-82F0-8C497121B7CC}.Debug|Any CPU.ActiveCfg = Debug|Any CPU
		{5BF1AA46-E22A-48FD-82F0-8C497121B7CC}.Debug|Any CPU.Build.0 = Debug|Any CPU
		{5BF1AA46-E22A-48FD-82F0-8C497121B7CC}.Release|Any CPU.ActiveCfg = Release|Any CPU
		{5BF1AA46-E22A-48FD-82F0-8C497121B7CC}.Release|Any CPU.Build.0 = Release|Any CPU
	EndGlobalSection
	GlobalSection(SolutionProperties) = preSolution
		HideSolutionNode = FALSE
	EndGlobalSection
	GlobalSection(ExtensibilityGlobals) = postSolution
		SolutionGuid = {92F346CC-3D02-4868-9EBD-158EF04341A7}
	EndGlobalSection
EndGlobal
